// !$*UTF8*$!
{
	archiveVersion = 1;
	classes = {
	};
	objectVersion = 56;
	objects = {

/* Begin PBXBuildFile section */
		8C4DA3832965D0730037B4FE /* AppDelegate.swift in Sources */ = {isa = PBXBuildFile; fileRef = 8C4DA3822965D0730037B4FE /* AppDelegate.swift */; };
		8C4DA3852965D0730037B4FE /* SceneDelegate.swift in Sources */ = {isa = PBXBuildFile; fileRef = 8C4DA3842965D0730037B4FE /* SceneDelegate.swift */; };
		8C4DA38C2965D0740037B4FE /* Assets.xcassets in Resources */ = {isa = PBXBuildFile; fileRef = 8C4DA38B2965D0740037B4FE /* Assets.xcassets */; };
		8C4DA38F2965D0740037B4FE /* LaunchScreen.storyboard in Resources */ = {isa = PBXBuildFile; fileRef = 8C4DA38D2965D0740037B4FE /* LaunchScreen.storyboard */; };
		8C4DA3972965D0E60037B4FE /* View.swift in Sources */ = {isa = PBXBuildFile; fileRef = 8C4DA3962965D0E60037B4FE /* View.swift */; };
		8C4DA3992965D0F70037B4FE /* Interactor.swift in Sources */ = {isa = PBXBuildFile; fileRef = 8C4DA3982965D0F70037B4FE /* Interactor.swift */; };
		8C4DA39B2965D0FF0037B4FE /* Presenter.swift in Sources */ = {isa = PBXBuildFile; fileRef = 8C4DA39A2965D0FF0037B4FE /* Presenter.swift */; };
		8C4DA39D2965D1060037B4FE /* Entity.swift in Sources */ = {isa = PBXBuildFile; fileRef = 8C4DA39C2965D1060037B4FE /* Entity.swift */; };
		8C4DA39F2965D10A0037B4FE /* Router.swift in Sources */ = {isa = PBXBuildFile; fileRef = 8C4DA39E2965D10A0037B4FE /* Router.swift */; };
/* End PBXBuildFile section */

/* Begin PBXFileReference section */
		8C4DA37F2965D0730037B4FE /* CryptoViper.app */ = {isa = PBXFileReference; explicitFileType = wrapper.application; includeInIndex = 0; path = CryptoViper.app; sourceTree = BUILT_PRODUCTS_DIR; };
		8C4DA3822965D0730037B4FE /* AppDelegate.swift */ = {isa = PBXFileReference; lastKnownFileType = sourcecode.swift; path = AppDelegate.swift; sourceTree = "<group>"; };
		8C4DA3842965D0730037B4FE /* SceneDelegate.swift */ = {isa = PBXFileReference; lastKnownFileType = sourcecode.swift; path = SceneDelegate.swift; sourceTree = "<group>"; };
		8C4DA38B2965D0740037B4FE /* Assets.xcassets */ = {isa = PBXFileReference; lastKnownFileType = folder.assetcatalog; path = Assets.xcassets; sourceTree = "<group>"; };
		8C4DA38E2965D0740037B4FE /* Base */ = {isa = PBXFileReference; lastKnownFileType = file.storyboard; name = Base; path = Base.lproj/LaunchScreen.storyboard; sourceTree = "<group>"; };
		8C4DA3902965D0740037B4FE /* Info.plist */ = {isa = PBXFileReference; lastKnownFileType = text.plist.xml; path = Info.plist; sourceTree = "<group>"; };
		8C4DA3962965D0E60037B4FE /* View.swift */ = {isa = PBXFileReference; lastKnownFileType = sourcecode.swift; path = View.swift; sourceTree = "<group>"; };
		8C4DA3982965D0F70037B4FE /* Interactor.swift */ = {isa = PBXFileReference; lastKnownFileType = sourcecode.swift; path = Interactor.swift; sourceTree = "<group>"; };
		8C4DA39A2965D0FF0037B4FE /* Presenter.swift */ = {isa = PBXFileReference; lastKnownFileType = sourcecode.swift; path = Presenter.swift; sourceTree = "<group>"; };
		8C4DA39C2965D1060037B4FE /* Entity.swift */ = {isa = PBXFileReference; lastKnownFileType = sourcecode.swift; path = Entity.swift; sourceTree = "<group>"; };
		8C4DA39E2965D10A0037B4FE /* Router.swift */ = {isa = PBXFileReference; lastKnownFileType = sourcecode.swift; path = Router.swift; sourceTree = "<group>"; };
/* End PBXFileReference section */

/* Begin PBXFrameworksBuildPhase section */
		8C4DA37C2965D0730037B4FE /* Frameworks */ = {
			isa = PBXFrameworksBuildPhase;
			buildActionMask = 2147483647;
			files = (
			);
			runOnlyForDeploymentPostprocessing = 0;
		};
/* End PBXFrameworksBuildPhase section */

/* Begin PBXGroup section */
		8C4DA3762965D0730037B4FE = {
			isa = PBXGroup;
			children = (
				8C4DA3812965D0730037B4FE /* CryptoViper */,
				8C4DA3802965D0730037B4FE /* Products */,
			);
			sourceTree = "<group>";
		};
		8C4DA3802965D0730037B4FE /* Products */ = {
			isa = PBXGroup;
			children = (
				8C4DA37F2965D0730037B4FE /* CryptoViper.app */,
			);
			name = Products;
			sourceTree = "<group>";
		};
		8C4DA3812965D0730037B4FE /* CryptoViper */ = {
			isa = PBXGroup;
			children = (
				8C4DA3822965D0730037B4FE /* AppDelegate.swift */,
				8C4DA3842965D0730037B4FE /* SceneDelegate.swift */,
				8C4DA38B2965D0740037B4FE /* Assets.xcassets */,
				8C4DA38D2965D0740037B4FE /* LaunchScreen.storyboard */,
				8C4DA3902965D0740037B4FE /* Info.plist */,
				8C4DA3962965D0E60037B4FE /* View.swift */,
				8C4DA3982965D0F70037B4FE /* Interactor.swift */,
				8C4DA39A2965D0FF0037B4FE /* Presenter.swift */,
				8C4DA39C2965D1060037B4FE /* Entity.swift */,
				8C4DA39E2965D10A0037B4FE /* Router.swift */,
			);
			path = CryptoViper;
			sourceTree = "<group>";
		};
/* End PBXGroup section */

/* Begin PBXNativeTarget section */
		8C4DA37E2965D0730037B4FE /* CryptoViper */ = {
			isa = PBXNativeTarget;
			buildConfigurationList = 8C4DA3932965D0740037B4FE /* Build configuration list for PBXNativeTarget "CryptoViper" */;
			buildPhases = (
				8C4DA37B2965D0730037B4FE /* Sources */,
				8C4DA37C2965D0730037B4FE /* Frameworks */,
				8C4DA37D2965D0730037B4FE /* Resources */,
			);
			buildRules = (
			);
			dependencies = (
			);
			name = CryptoViper;
			productName = CryptoViper;
			productReference = 8C4DA37F2965D0730037B4FE /* CryptoViper.app */;
			productType = "com.apple.product-type.application";
		};
/* End PBXNativeTarget section */

/* Begin PBXProject section */
		8C4DA3772965D0730037B4FE /* Project object */ = {
			isa = PBXProject;
			attributes = {
				BuildIndependentTargetsInParallel = 1;
				LastSwiftUpdateCheck = 1420;
				LastUpgradeCheck = 1420;
				TargetAttributes = {
					8C4DA37E2965D0730037B4FE = {
						CreatedOnToolsVersion = 14.2;
					};
				};
			};
			buildConfigurationList = 8C4DA37A2965D0730037B4FE /* Build configuration list for PBXProject "CryptoViper" */;
			compatibilityVersion = "Xcode 14.0";
			developmentRegion = en;
			hasScannedForEncodings = 0;
			knownRegions = (
				en,
				Base,
			);
			mainGroup = 8C4DA3762965D0730037B4FE;
			productRefGroup = 8C4DA3802965D0730037B4FE /* Products */;
			projectDirPath = "";
			projectRoot = "";
			targets = (
				8C4DA37E2965D0730037B4FE /* CryptoViper */,
			);
		};
/* End PBXProject section */

/* Begin PBXResourcesBuildPhase section */
		8C4DA37D2965D0730037B4FE /* Resources */ = {
			isa = PBXResourcesBuildPhase;
			buildActionMask = 2147483647;
			files = (
				8C4DA38F2965D0740037B4FE /* LaunchScreen.storyboard in Resources */,
				8C4DA38C2965D0740037B4FE /* Assets.xcassets in Resources */,
			);
			runOnlyForDeploymentPostprocessing = 0;
		};
/* End PBXResourcesBuildPhase section */

/* Begin PBXSourcesBuildPhase section */
		8C4DA37B2965D0730037B4FE /* Sources */ = {
			isa = PBXSourcesBuildPhase;
			buildActionMask = 2147483647;
			files = (
				8C4DA39F2965D10A0037B4FE /* Router.swift in Sources */,
				8C4DA39B2965D0FF0037B4FE /* Presenter.swift in Sources */,
				8C4DA3972965D0E60037B4FE /* View.swift in Sources */,
				8C4DA39D2965D1060037B4FE /* Entity.swift in Sources */,
				8C4DA3992965D0F70037B4FE /* Interactor.swift in Sources */,
				8C4DA3832965D0730037B4FE /* AppDelegate.swift in Sources */,
				8C4DA3852965D0730037B4FE /* SceneDelegate.swift in Sources */,
			);
			runOnlyForDeploymentPostprocessing = 0;
		};
/* End PBXSourcesBuildPhase section */

/* Begin PBXVariantGroup section */
		8C4DA38D2965D0740037B4FE /* LaunchScreen.storyboard */ = {
			isa = PBXVariantGroup;
			children = (
				8C4DA38E2965D0740037B4FE /* Base */,
			);
			name = LaunchScreen.storyboard;
			sourceTree = "<group>";
		};
/* End PBXVariantGroup section */

/* Begin XCBuildConfiguration section */
		8C4DA3912965D0740037B4FE /* Debug */ = {
			isa = XCBuildConfiguration;
			buildSettings = {
				ALWAYS_SEARCH_USER_PATHS = NO;
				CLANG_ANALYZER_NONNULL = YES;
				CLANG_ANALYZER_NUMBER_OBJECT_CONVERSION = YES_AGGRESSIVE;
				CLANG_CXX_LANGUAGE_STANDARD = "gnu++20";
				CLANG_ENABLE_MODULES = YES;
				CLANG_ENABLE_OBJC_ARC = YES;
				CLANG_ENABLE_OBJC_WEAK = YES;
				CLANG_WARN_BLOCK_CAPTURE_AUTORELEASING = YES;
				CLANG_WARN_BOOL_CONVERSION = YES;
				CLANG_WARN_COMMA = YES;
				CLANG_WARN_CONSTANT_CONVERSION = YES;
				CLANG_WARN_DEPRECATED_OBJC_IMPLEMENTATIONS = YES;
				CLANG_WARN_DIRECT_OBJC_ISA_USAGE = YES_ERROR;
				CLANG_WARN_DOCUMENTATION_COMMENTS = YES;
				CLANG_WARN_EMPTY_BODY = YES;
				CLANG_WARN_ENUM_CONVERSION = YES;
				CLANG_WARN_INFINITE_RECURSION = YES;
				CLANG_WARN_INT_CONVERSION = YES;
				CLANG_WARN_NON_LITERAL_NULL_CONVERSION = YES;
				CLANG_WARN_OBJC_IMPLICIT_RETAIN_SELF = YES;
				CLANG_WARN_OBJC_LITERAL_CONVERSION = YES;
				CLANG_WARN_OBJC_ROOT_CLASS = YES_ERROR;
				CLANG_WARN_QUOTED_INCLUDE_IN_FRAMEWORK_HEADER = YES;
				CLANG_WARN_RANGE_LOOP_ANALYSIS = YES;
				CLANG_WARN_STRICT_PROTOTYPES = YES;
				CLANG_WARN_SUSPICIOUS_MOVE = YES;
				CLANG_WARN_UNGUARDED_AVAILABILITY = YES_AGGRESSIVE;
				CLANG_WARN_UNREACHABLE_CODE = YES;
				CLANG_WARN__DUPLICATE_METHOD_MATCH = YES;
				COPY_PHASE_STRIP = NO;
				DEBUG_INFORMATION_FORMAT = dwarf;
				ENABLE_STRICT_OBJC_MSGSEND = YES;
				ENABLE_TESTABILITY = YES;
				GCC_C_LANGUAGE_STANDARD = gnu11;
				GCC_DYNAMIC_NO_PIC = NO;
				GCC_NO_COMMON_BLOCKS = YES;
				GCC_OPTIMIZATION_LEVEL = 0;
				GCC_PREPROCESSOR_DEFINITIONS = (
					"DEBUG=1",
					"$(inherited)",
				);
				GCC_WARN_64_TO_32_BIT_CONVERSION = YES;
				GCC_WARN_ABOUT_RETURN_TYPE = YES_ERROR;
				GCC_WARN_UNDECLARED_SELECTOR = YES;
				GCC_WARN_UNINITIALIZED_AUTOS = YES_AGGRESSIVE;
				GCC_WARN_UNUSED_FUNCTION = YES;
				GCC_WARN_UNUSED_VARIABLE = YES;
				IPHONEOS_DEPLOYMENT_TARGET = 16.2;
				MTL_ENABLE_DEBUG_INFO = INCLUDE_SOURCE;
				MTL_FAST_MATH = YES;
				ONLY_ACTIVE_ARCH = YES;
				SDKROOT = iphoneos;
				SWIFT_ACTIVE_COMPILATION_CONDITIONS = DEBUG;
				SWIFT_OPTIMIZATION_LEVEL = "-Onone";
			};
			name = Debug;
		};
		8C4DA3922965D0740037B4FE /* Release */ = {
			isa = XCBuildConfiguration;
			buildSettings = {
				ALWAYS_SEARCH_USER_PATHS = NO;
				CLANG_ANALYZER_NONNULL = YES;
				CLANG_ANALYZER_NUMBER_OBJECT_CONVERSION = YES_AGGRESSIVE;
				CLANG_CXX_LANGUAGE_STANDARD = "gnu++20";
				CLANG_ENABLE_MODULES = YES;
				CLANG_ENABLE_OBJC_ARC = YES;
				CLANG_ENABLE_OBJC_WEAK = YES;
				CLANG_WARN_BLOCK_CAPTURE_AUTORELEASING = YES;
				CLANG_WARN_BOOL_CONVERSION = YES;
				CLANG_WARN_COMMA = YES;
				CLANG_WARN_CONSTANT_CONVERSION = YES;
				CLANG_WARN_DEPRECATED_OBJC_IMPLEMENTATIONS = YES;
				CLANG_WARN_DIRECT_OBJC_ISA_USAGE = YES_ERROR;
				CLANG_WARN_DOCUMENTATION_COMMENTS = YES;
				CLANG_WARN_EMPTY_BODY = YES;
				CLANG_WARN_ENUM_CONVERSION = YES;
				CLANG_WARN_INFINITE_RECURSION = YES;
				CLANG_WARN_INT_CONVERSION = YES;
				CLANG_WARN_NON_LITERAL_NULL_CONVERSION = YES;
				CLANG_WARN_OBJC_IMPLICIT_RETAIN_SELF = YES;
				CLANG_WARN_OBJC_LITERAL_CONVERSION = YES;
				CLANG_WARN_OBJC_ROOT_CLASS = YES_ERROR;
				CLANG_WARN_QUOTED_INCLUDE_IN_FRAMEWORK_HEADER = YES;
				CLANG_WARN_RANGE_LOOP_ANALYSIS = YES;
				CLANG_WARN_STRICT_PROTOTYPES = YES;
				CLANG_WARN_SUSPICIOUS_MOVE = YES;
				CLANG_WARN_UNGUARDED_AVAILABILITY = YES_AGGRESSIVE;
				CLANG_WARN_UNREACHABLE_CODE = YES;
				CLANG_WARN__DUPLICATE_METHOD_MATCH = YES;
				COPY_PHASE_STRIP = NO;
				DEBUG_INFORMATION_FORMAT = "dwarf-with-dsym";
				ENABLE_NS_ASSERTIONS = NO;
				ENABLE_STRICT_OBJC_MSGSEND = YES;
				GCC_C_LANGUAGE_STANDARD = gnu11;
				GCC_NO_COMMON_BLOCKS = YES;
				GCC_WARN_64_TO_32_BIT_CONVERSION = YES;
				GCC_WARN_ABOUT_RETURN_TYPE = YES_ERROR;
				GCC_WARN_UNDECLARED_SELECTOR = YES;
				GCC_WARN_UNINITIALIZED_AUTOS = YES_AGGRESSIVE;
				GCC_WARN_UNUSED_FUNCTION = YES;
				GCC_WARN_UNUSED_VARIABLE = YES;
				IPHONEOS_DEPLOYMENT_TARGET = 16.2;
				MTL_ENABLE_DEBUG_INFO = NO;
				MTL_FAST_MATH = YES;
				SDKROOT = iphoneos;
				SWIFT_COMPILATION_MODE = wholemodule;
				SWIFT_OPTIMIZATION_LEVEL = "-O";
				VALIDATE_PRODUCT = YES;
			};
			name = Release;
		};
		8C4DA3942965D0740037B4FE /* Debug */ = {
			isa = XCBuildConfiguration;
			buildSettings = {
				ASSETCATALOG_COMPILER_APPICON_NAME = AppIcon;
				ASSETCATALOG_COMPILER_GLOBAL_ACCENT_COLOR_NAME = AccentColor;
				CODE_SIGN_STYLE = Automatic;
				CURRENT_PROJECT_VERSION = 1;
				DEVELOPMENT_TEAM = GM9DNLPB77;
				GENERATE_INFOPLIST_FILE = YES;
				INFOPLIST_FILE = CryptoViper/Info.plist;
				INFOPLIST_KEY_UIApplicationSupportsIndirectInputEvents = YES;
				INFOPLIST_KEY_UILaunchStoryboardName = LaunchScreen;
				INFOPLIST_KEY_UISupportedInterfaceOrientations_iPad = "UIInterfaceOrientationPortrait UIInterfaceOrientationPortraitUpsideDown UIInterfaceOrientationLandscapeLeft UIInterfaceOrientationLandscapeRight";
				INFOPLIST_KEY_UISupportedInterfaceOrientations_iPhone = "UIInterfaceOrientationPortrait UIInterfaceOrientationLandscapeLeft UIInterfaceOrientationLandscapeRight";
				LD_RUNPATH_SEARCH_PATHS = (
					"$(inherited)",
					"@executable_path/Frameworks",
				);
				MARKETING_VERSION = 1.0;
				PRODUCT_BUNDLE_IDENTIFIER = dev.aydinli.CryptoViper;
				PRODUCT_NAME = "$(TARGET_NAME)";
				SWIFT_EMIT_LOC_STRINGS = YES;
				SWIFT_VERSION = 5.0;
				TARGETED_DEVICE_FAMILY = "1,2";
			};
			name = Debug;
		};
		8C4DA3952965D0740037B4FE /* Release */ = {
			isa = XCBuildConfiguration;
			buildSettings = {
				ASSETCATALOG_COMPILER_APPICON_NAME = AppIcon;
				ASSETCATALOG_COMPILER_GLOBAL_ACCENT_COLOR_NAME = AccentColor;
				CODE_SIGN_STYLE = Automatic;
				CURRENT_PROJECT_VERSION = 1;
				DEVELOPMENT_TEAM = GM9DNLPB77;
				GENERATE_INFOPLIST_FILE = YES;
				INFOPLIST_FILE = CryptoViper/Info.plist;
				INFOPLIST_KEY_UIApplicationSupportsIndirectInputEvents = YES;
				INFOPLIST_KEY_UILaunchStoryboardName = LaunchScreen;
				INFOPLIST_KEY_UISupportedInterfaceOrientations_iPad = "UIInterfaceOrientationPortrait UIInterfaceOrientationPortraitUpsideDown UIInterfaceOrientationLandscapeLeft UIInterfaceOrientationLandscapeRight";
				INFOPLIST_KEY_UISupportedInterfaceOrientations_iPhone = "UIInterfaceOrientationPortrait UIInterfaceOrientationLandscapeLeft UIInterfaceOrientationLandscapeRight";
				LD_RUNPATH_SEARCH_PATHS = (
					"$(inherited)",
					"@executable_path/Frameworks",
				);
				MARKETING_VERSION = 1.0;
				PRODUCT_BUNDLE_IDENTIFIER = dev.aydinli.CryptoViper;
				PRODUCT_NAME = "$(TARGET_NAME)";
				SWIFT_EMIT_LOC_STRINGS = YES;
				SWIFT_VERSION = 5.0;
				TARGETED_DEVICE_FAMILY = "1,2";
			};
			name = Release;
		};
/* End XCBuildConfiguration section */

/* Begin XCConfigurationList section */
		8C4DA37A2965D0730037B4FE /* Build configuration list for PBXProject "CryptoViper" */ = {
			isa = XCConfigurationList;
			buildConfigurations = (
				8C4DA3912965D0740037B4FE /* Debug */,
				8C4DA3922965D0740037B4FE /* Release */,
			);
			defaultConfigurationIsVisible = 0;
			defaultConfigurationName = Release;
		};
		8C4DA3932965D0740037B4FE /* Build configuration list for PBXNativeTarget "CryptoViper" */ = {
			isa = XCConfigurationList;
			buildConfigurations = (
				8C4DA3942965D0740037B4FE /* Debug */,
				8C4DA3952965D0740037B4FE /* Release */,
			);
			defaultConfigurationIsVisible = 0;
			defaultConfigurationName = Release;
		};
/* End XCConfigurationList section */
	};
	rootObject = 8C4DA3772965D0730037B4FE /* Project object */;
}
